{
    "name": "ping-pong-build-trigger",
    "version": "1.0.0",
    "lockfileVersion": 1,
    "requires": true,
    "dependencies": {
        "@types/node": {
            "version": "12.7.2",
            "resolved": "https://registry.npmjs.org/@types/node/-/node-12.7.2.tgz",
            "integrity": "sha512-dyYO+f6ihZEtNPDcWNR1fkoTDf3zAK3lAABDze3mz6POyIercH0lEUawUFXlG8xaQZmm1yEBON/4TsYv/laDYg==",
            "dev": true
        },
        "@types/q": {
            "version": "1.5.2",
            "resolved": "https://registry.npmjs.org/@types/q/-/q-1.5.2.tgz",
            "integrity": "sha512-ce5d3q03Ex0sy4R14722Rmt6MT07Ua+k4FwDfdcToYJcMKNtRVQvJ6JCAPdAmAnbRb6CsX6aYb9m96NGod9uTw==",
            "dev": true
        }
    }
}
